
Microsoft Visual Studio Solution File, Format Version 11.00
# Visual C# Express 2010
Project("{FAE04EC0-301F-11D3-BF4B-00C04F79EFBC}") = "Castaneda", "Castaneda\Castaneda\Castaneda.csproj", "{48ECDF77-61C9-4BE6-8032-692A99EB81F2}"
EndProject
Project("{96E2B04D-8817-42C6-938A-82C39BA4D311}") = "CastanedaContent", "Castaneda\CastanedaContent\CastanedaContent.contentproj", "{E9922748-20F6-49A6-8DBB-E8BFC5CBF572}"
EndProject
Global
	GlobalSection(SolutionConfigurationPlatforms) = preSolution
		Debug|x86 = Debug|x86
		Release|x86 = Release|x86
	EndGlobalSection
	GlobalSection(ProjectConfigurationPlatforms) = postSolution
		{48ECDF77-61C9-4BE6-8032-692A99EB81F2}.Debug|x86.ActiveCfg = Debug|x86
		{48ECDF77-61C9-4BE6-8032-692A99EB81F2}.Debug|x86.Build.0 = Debug|x86
		{48ECDF77-61C9-4BE6-8032-692A99EB81F2}.Release|x86.ActiveCfg = Release|x86
		{48ECDF77-61C9-4BE6-8032-692A99EB81F2}.Release|x86.Build.0 = Release|x86
		{E9922748-20F6-49A6-8DBB-E8BFC5CBF572}.Debug|x86.ActiveCfg = Debug|x86
		{E9922748-20F6-49A6-8DBB-E8BFC5CBF572}.Release|x86.ActiveCfg = Release|x86
	EndGlobalSection
	GlobalSection(SolutionProperties) = preSolution
		HideSolutionNode = FALSE
	EndGlobalSection
EndGlobal
